
Microsoft Visual Studio Solution File, Format Version 12.00
# Visual Studio Version 17
VisualStudioVersion = 17.9.34728.123
MinimumVisualStudioVersion = 10.0.40219.1
Project("{FAE04EC0-301F-11D3-BF4B-00C04F79EFBC}") = "Taller_VPAN", "Taller_VPAN\Taller_VPAN.csproj", "{2BCEF23B-648E-4CA3-B198-9670AFADFA23}"
EndProject
Global
	GlobalSection(SolutionConfigurationPlatforms) = preSolution
		Debug|Any CPU = Debug|Any CPU
		Release|Any CPU = Release|Any CPU
	EndGlobalSection
	GlobalSection(ProjectConfigurationPlatforms) = postSolution
		{2BCEF23B-648E-4CA3-B198-9670AFADFA23}.Debug|Any CPU.ActiveCfg = Debug|Any CPU
		{2BCEF23B-648E-4CA3-B198-9670AFADFA23}.Debug|Any CPU.Build.0 = Debug|Any CPU
		{2BCEF23B-648E-4CA3-B198-9670AFADFA23}.Release|Any CPU.ActiveCfg = Release|Any CPU
		{2BCEF23B-648E-4CA3-B198-9670AFADFA23}.Release|Any CPU.Build.0 = Release|Any CPU
	EndGlobalSection
	GlobalSection(SolutionProperties) = preSolution
		HideSolutionNode = FALSE
	EndGlobalSection
	GlobalSection(ExtensibilityGlobals) = postSolution
		SolutionGuid = {1B8B73D3-7467-4807-BF57-6F1897DF416D}
	EndGlobalSection
EndGlobal
